{
  "version": "5",
  "specifiers": {
    "jsr:@quentinadam/assert@~0.1.12": "0.1.12",
    "jsr:@quentinadam/ensure@~0.1.1": "0.1.1",
    "jsr:@quentinadam/uint8array-extension@~0.1.7": "0.1.7",
    "npm:typescript@^5.9.2": "5.9.2"
  },
  "jsr": {
    "@quentinadam/assert@0.1.12": {
      "integrity": "7479c55f26b80cbf7be4bf5191b1a2c5f7994f0a5c3c9657147e55ae53603910"
    },
    "@quentinadam/ensure@0.1.1": {
      "integrity": "4d4d1c457d970aa0aa413a1ce6a9c2013f71740aa6c4a0ba7bdfce350b83aea6",
      "dependencies": [
        "jsr:@quentinadam/assert"
      ]
    },
    "@quentinadam/uint8array-extension@0.1.7": {
      "integrity": "1a82ea6a6461860c5c5c5c94dc2550b19c04a5266f3e88f693b85a3d32ab2350",
      "dependencies": [
        "jsr:@quentinadam/assert"
      ]
    }
  },
  "npm": {
    "typescript@5.9.2": {
      "integrity": "sha512-CWBzXQrc/qOkhidw1OzBTQuYRbfyxDXJMVJ1XNwUHGROVmuaeiEm3OslpZ1RV96d7SKKjZKrSJu3+t/xlw3R9A==",
      "bin": true
    }
  },
  "workspace": {
    "dependencies": [
      "jsr:@quentinadam/assert@~0.1.12",
      "jsr:@quentinadam/ensure@~0.1.1",
      "jsr:@quentinadam/uint8array-extension@~0.1.7",
      "npm:typescript@^5.9.2"
    ]
  }
}
