{
  "version": "5",
  "specifiers": {
    "jsr:@quentinadam/assert@~0.1.16": "0.1.16",
    "jsr:@quentinadam/ensure@~0.1.4": "0.1.4",
    "jsr:@quentinadam/uint8array-extension@~0.1.12": "0.1.12",
    "npm:typescript@^5.9.3": "5.9.3"
  },
  "jsr": {
    "@quentinadam/assert@0.1.16": {
      "integrity": "0ad61a5915fa7e02db6550827a8099efe53329fd1ac38658c6c3be13f29f8812"
    },
    "@quentinadam/ensure@0.1.4": {
      "integrity": "5ccbd75e1ac3c85666f0e4de6154df2bc923c04a967f62e83089c586891806a5",
      "dependencies": [
        "jsr:@quentinadam/assert"
      ]
    },
    "@quentinadam/uint8array-extension@0.1.12": {
      "integrity": "ff69fc278884e9fc88505ad81d15ef275224af3401f7679d9b96a871ca7d4787",
      "dependencies": [
        "jsr:@quentinadam/assert"
      ]
    }
  },
  "npm": {
    "typescript@5.9.3": {
      "integrity": "sha512-jl1vZzPDinLr9eUt3J/t7V6FgNEw9QjvBPdysz9KfQDD41fQrC2Y4vKQdiaUpFT4bXlb1RHhLpp8wtm6M5TgSw==",
      "bin": true
    }
  },
  "workspace": {
    "dependencies": [
      "jsr:@quentinadam/assert@~0.1.16",
      "jsr:@quentinadam/ensure@~0.1.4",
      "jsr:@quentinadam/uint8array-extension@~0.1.12",
      "npm:typescript@^5.9.3"
    ]
  }
}
